
Microsoft Visual Studio Solution File, Format Version 12.00
# Visual Studio Version 17
VisualStudioVersion = 17.13.35931.197
MinimumVisualStudioVersion = 10.0.40219.1
Project("{FAE04EC0-301F-11D3-BF4B-00C04F79EFBC}") = "API", "API\API.csproj", "{0E1193F5-5337-4EEE-959F-98DCB33A226C}"
EndProject
Project("{FAE04EC0-301F-11D3-BF4B-00C04F79EFBC}") = "HRManagement.Data", "DATA\HRManagement.Data.csproj", "{6ECD2730-213A-492F-AF85-605137253BFB}"
EndProject
Project("{FAE04EC0-301F-11D3-BF4B-00C04F79EFBC}") = "HRManagement.Entitites", "HRManagement.Models\HRManagement.Entitites.csproj", "{4DE65CFB-D215-4965-B340-61166088437A}"
EndProject
Project("{FAE04EC0-301F-11D3-BF4B-00C04F79EFBC}") = "HRManagement.Core", "HRManagement.Core\HRManagement.Core.csproj", "{88442DA1-A7EB-4592-A39F-F7EAA5E302B8}"
EndProject
Project("{FAE04EC0-301F-11D3-BF4B-00C04F79EFBC}") = "HRManegement.Business", "HrManegementBusiness\HRManegement.Business.csproj", "{019DFA4E-EACD-4549-A5D7-477E4BA6D33C}"
EndProject
Project("{FAE04EC0-301F-11D3-BF4B-00C04F79EFBC}") = "Web", "Web\Web.csproj", "{2D318D19-1C7E-43DA-A67C-3C48B10BDC96}"
EndProject
Global
	GlobalSection(SolutionConfigurationPlatforms) = preSolution
		Debug|Any CPU = Debug|Any CPU
		Release|Any CPU = Release|Any CPU
	EndGlobalSection
	GlobalSection(ProjectConfigurationPlatforms) = postSolution
		{0E1193F5-5337-4EEE-959F-98DCB33A226C}.Debug|Any CPU.ActiveCfg = Debug|Any CPU
		{0E1193F5-5337-4EEE-959F-98DCB33A226C}.Debug|Any CPU.Build.0 = Debug|Any CPU
		{0E1193F5-5337-4EEE-959F-98DCB33A226C}.Release|Any CPU.ActiveCfg = Release|Any CPU
		{0E1193F5-5337-4EEE-959F-98DCB33A226C}.Release|Any CPU.Build.0 = Release|Any CPU
		{6ECD2730-213A-492F-AF85-605137253BFB}.Debug|Any CPU.ActiveCfg = Debug|Any CPU
		{6ECD2730-213A-492F-AF85-605137253BFB}.Debug|Any CPU.Build.0 = Debug|Any CPU
		{6ECD2730-213A-492F-AF85-605137253BFB}.Release|Any CPU.ActiveCfg = Release|Any CPU
		{6ECD2730-213A-492F-AF85-605137253BFB}.Release|Any CPU.Build.0 = Release|Any CPU
		{4DE65CFB-D215-4965-B340-61166088437A}.Debug|Any CPU.ActiveCfg = Debug|Any CPU
		{4DE65CFB-D215-4965-B340-61166088437A}.Debug|Any CPU.Build.0 = Debug|Any CPU
		{4DE65CFB-D215-4965-B340-61166088437A}.Release|Any CPU.ActiveCfg = Release|Any CPU
		{4DE65CFB-D215-4965-B340-61166088437A}.Release|Any CPU.Build.0 = Release|Any CPU
		{88442DA1-A7EB-4592-A39F-F7EAA5E302B8}.Debug|Any CPU.ActiveCfg = Debug|Any CPU
		{88442DA1-A7EB-4592-A39F-F7EAA5E302B8}.Debug|Any CPU.Build.0 = Debug|Any CPU
		{88442DA1-A7EB-4592-A39F-F7EAA5E302B8}.Release|Any CPU.ActiveCfg = Release|Any CPU
		{88442DA1-A7EB-4592-A39F-F7EAA5E302B8}.Release|Any CPU.Build.0 = Release|Any CPU
		{019DFA4E-EACD-4549-A5D7-477E4BA6D33C}.Debug|Any CPU.ActiveCfg = Debug|Any CPU
		{019DFA4E-EACD-4549-A5D7-477E4BA6D33C}.Debug|Any CPU.Build.0 = Debug|Any CPU
		{019DFA4E-EACD-4549-A5D7-477E4BA6D33C}.Release|Any CPU.ActiveCfg = Release|Any CPU
		{019DFA4E-EACD-4549-A5D7-477E4BA6D33C}.Release|Any CPU.Build.0 = Release|Any CPU
		{2D318D19-1C7E-43DA-A67C-3C48B10BDC96}.Debug|Any CPU.ActiveCfg = Debug|Any CPU
		{2D318D19-1C7E-43DA-A67C-3C48B10BDC96}.Debug|Any CPU.Build.0 = Debug|Any CPU
		{2D318D19-1C7E-43DA-A67C-3C48B10BDC96}.Release|Any CPU.ActiveCfg = Release|Any CPU
		{2D318D19-1C7E-43DA-A67C-3C48B10BDC96}.Release|Any CPU.Build.0 = Release|Any CPU
	EndGlobalSection
	GlobalSection(SolutionProperties) = preSolution
		HideSolutionNode = FALSE
	EndGlobalSection
	GlobalSection(ExtensibilityGlobals) = postSolution
		SolutionGuid = {8985213E-4AE7-4F21-986D-5CCD30DF9119}
	EndGlobalSection
EndGlobal
